// !$*UTF8*$!
{
	archiveVersion = 1;
	classes = {
	};
	objectVersion = 77;
	objects = {

/* Begin PBXBuildFile section */
		026839A7B4A9DC756DE6BA00 /* TaskRow.swift in Sources */ = {isa = PBXBuildFile; fileRef = 6B4D6AF28FC88B2B16D9B27E /* TaskRow.swift */; };
		0862C375403DFC9E133AD923 /* LogView.swift in Sources */ = {isa = PBXBuildFile; fileRef = F03C4D1ADB8641BC037D407A /* LogView.swift */; };
		1D85B80D8A915E3838B66F79 /* Assets.xcassets in Resources */ = {isa = PBXBuildFile; fileRef = 9364C6A84B4FF15020C63588 /* Assets.xcassets */; };
		3993FAE6B14167DD40A14A6C /* AgentdApp.swift in Sources */ = {isa = PBXBuildFile; fileRef = 5914EA74E04DCAA9A4E25B30 /* AgentdApp.swift */; };
		5262A68454AADC912A992D61 /* TaskStore.swift in Sources */ = {isa = PBXBuildFile; fileRef = CBA74170EBC0D3C8AB90E4A4 /* TaskStore.swift */; };
		8508D016AC6756969BB3CCD0 /* TaskDetailView.swift in Sources */ = {isa = PBXBuildFile; fileRef = 31E86E3F35D15ADD64864D28 /* TaskDetailView.swift */; };
		91631CDC7E80C91A49937D9E /* AgentdTask.swift in Sources */ = {isa = PBXBuildFile; fileRef = EBB2B32EADD70BE46BE9413B /* AgentdTask.swift */; };
		F55CB5EAA22AC1EF7F240FB0 /* ContentView.swift in Sources */ = {isa = PBXBuildFile; fileRef = 92F0C2A2CEB9E9D27CF2DBBD /* ContentView.swift */; };
/* End PBXBuildFile section */

/* Begin PBXFileReference section */
		31E86E3F35D15ADD64864D28 /* TaskDetailView.swift */ = {isa = PBXFileReference; lastKnownFileType = sourcecode.swift; path = TaskDetailView.swift; sourceTree = "<group>"; };
		5914EA74E04DCAA9A4E25B30 /* AgentdApp.swift */ = {isa = PBXFileReference; lastKnownFileType = sourcecode.swift; path = AgentdApp.swift; sourceTree = "<group>"; };
		6B4D6AF28FC88B2B16D9B27E /* TaskRow.swift */ = {isa = PBXFileReference; lastKnownFileType = sourcecode.swift; path = TaskRow.swift; sourceTree = "<group>"; };
		6F31BB822AD8AE5DE07A2957 /* Info.plist */ = {isa = PBXFileReference; lastKnownFileType = text.plist; path = Info.plist; sourceTree = "<group>"; };
		92F0C2A2CEB9E9D27CF2DBBD /* ContentView.swift */ = {isa = PBXFileReference; lastKnownFileType = sourcecode.swift; path = ContentView.swift; sourceTree = "<group>"; };
		9364C6A84B4FF15020C63588 /* Assets.xcassets */ = {isa = PBXFileReference; lastKnownFileType = folder.assetcatalog; path = Assets.xcassets; sourceTree = "<group>"; };
		A71274DE4C96D2A14D2FCAFE /* Agentd.app */ = {isa = PBXFileReference; explicitFileType = wrapper.application; includeInIndex = 0; path = Agentd.app; sourceTree = BUILT_PRODUCTS_DIR; };
		C901DC64FF591C5F91DA9BDB /* Agentd.entitlements */ = {isa = PBXFileReference; lastKnownFileType = text.plist.entitlements; path = Agentd.entitlements; sourceTree = "<group>"; };
		CBA74170EBC0D3C8AB90E4A4 /* TaskStore.swift */ = {isa = PBXFileReference; lastKnownFileType = sourcecode.swift; path = TaskStore.swift; sourceTree = "<group>"; };
		EBB2B32EADD70BE46BE9413B /* AgentdTask.swift */ = {isa = PBXFileReference; lastKnownFileType = sourcecode.swift; path = AgentdTask.swift; sourceTree = "<group>"; };
		F03C4D1ADB8641BC037D407A /* LogView.swift */ = {isa = PBXFileReference; lastKnownFileType = sourcecode.swift; path = LogView.swift; sourceTree = "<group>"; };
/* End PBXFileReference section */

/* Begin PBXGroup section */
		16ACB343047871F36C48F0D2 /* Views */ = {
			isa = PBXGroup;
			children = (
				92F0C2A2CEB9E9D27CF2DBBD /* ContentView.swift */,
				F03C4D1ADB8641BC037D407A /* LogView.swift */,
				31E86E3F35D15ADD64864D28 /* TaskDetailView.swift */,
				6B4D6AF28FC88B2B16D9B27E /* TaskRow.swift */,
			);
			path = Views;
			sourceTree = "<group>";
		};
		4C3652EB95D984BD48A1D1EF /* Models */ = {
			isa = PBXGroup;
			children = (
				EBB2B32EADD70BE46BE9413B /* AgentdTask.swift */,
			);
			path = Models;
			sourceTree = "<group>";
		};
		82146958D98C3A6DBC510749 = {
			isa = PBXGroup;
			children = (
				C7C8B974A52D1826426CB356 /* Agentd */,
				FC4342A3F7FC5F4438975F6D /* Products */,
			);
			sourceTree = "<group>";
		};
		A37786451B37358AC2352DD1 /* Services */ = {
			isa = PBXGroup;
			children = (
				CBA74170EBC0D3C8AB90E4A4 /* TaskStore.swift */,
			);
			path = Services;
			sourceTree = "<group>";
		};
		C7C8B974A52D1826426CB356 /* Agentd */ = {
			isa = PBXGroup;
			children = (
				C901DC64FF591C5F91DA9BDB /* Agentd.entitlements */,
				5914EA74E04DCAA9A4E25B30 /* AgentdApp.swift */,
				9364C6A84B4FF15020C63588 /* Assets.xcassets */,
				6F31BB822AD8AE5DE07A2957 /* Info.plist */,
				4C3652EB95D984BD48A1D1EF /* Models */,
				A37786451B37358AC2352DD1 /* Services */,
				16ACB343047871F36C48F0D2 /* Views */,
			);
			path = Agentd;
			sourceTree = "<group>";
		};
		FC4342A3F7FC5F4438975F6D /* Products */ = {
			isa = PBXGroup;
			children = (
				A71274DE4C96D2A14D2FCAFE /* Agentd.app */,
			);
			name = Products;
			sourceTree = "<group>";
		};
/* End PBXGroup section */

/* Begin PBXNativeTarget section */
		5048AB7235434A9FB20A972E /* Agentd */ = {
			isa = PBXNativeTarget;
			buildConfigurationList = 9E683FBCB2FC00135FC4DF93 /* Build configuration list for PBXNativeTarget "Agentd" */;
			buildPhases = (
				7C489AD19E1302DD249A2F95 /* Sources */,
				C37AD6FB714C5E7F916884D0 /* Resources */,
			);
			buildRules = (
			);
			dependencies = (
			);
			name = Agentd;
			packageProductDependencies = (
			);
			productName = Agentd;
			productReference = A71274DE4C96D2A14D2FCAFE /* Agentd.app */;
			productType = "com.apple.product-type.application";
		};
/* End PBXNativeTarget section */

/* Begin PBXProject section */
		EF5BCF079026B592E8A095E2 /* Project object */ = {
			isa = PBXProject;
			attributes = {
				BuildIndependentTargetsInParallel = YES;
				LastUpgradeCheck = 1600;
				TargetAttributes = {
				};
			};
			buildConfigurationList = 7102A186B649297640C1BEFE /* Build configuration list for PBXProject "Agentd" */;
			developmentRegion = en;
			hasScannedForEncodings = 0;
			knownRegions = (
				Base,
				en,
			);
			mainGroup = 82146958D98C3A6DBC510749;
			minimizedProjectReferenceProxies = 1;
			preferredProjectObjectVersion = 77;
			productRefGroup = FC4342A3F7FC5F4438975F6D /* Products */;
			projectDirPath = "";
			projectRoot = "";
			targets = (
				5048AB7235434A9FB20A972E /* Agentd */,
			);
		};
/* End PBXProject section */

/* Begin PBXResourcesBuildPhase section */
		C37AD6FB714C5E7F916884D0 /* Resources */ = {
			isa = PBXResourcesBuildPhase;
			buildActionMask = 2147483647;
			files = (
				1D85B80D8A915E3838B66F79 /* Assets.xcassets in Resources */,
			);
			runOnlyForDeploymentPostprocessing = 0;
		};
/* End PBXResourcesBuildPhase section */

/* Begin PBXSourcesBuildPhase section */
		7C489AD19E1302DD249A2F95 /* Sources */ = {
			isa = PBXSourcesBuildPhase;
			buildActionMask = 2147483647;
			files = (
				3993FAE6B14167DD40A14A6C /* AgentdApp.swift in Sources */,
				91631CDC7E80C91A49937D9E /* AgentdTask.swift in Sources */,
				F55CB5EAA22AC1EF7F240FB0 /* ContentView.swift in Sources */,
				0862C375403DFC9E133AD923 /* LogView.swift in Sources */,
				8508D016AC6756969BB3CCD0 /* TaskDetailView.swift in Sources */,
				026839A7B4A9DC756DE6BA00 /* TaskRow.swift in Sources */,
				5262A68454AADC912A992D61 /* TaskStore.swift in Sources */,
			);
			runOnlyForDeploymentPostprocessing = 0;
		};
/* End PBXSourcesBuildPhase section */

/* Begin XCBuildConfiguration section */
		86C64EDCF04323BAB260989C /* Debug */ = {
			isa = XCBuildConfiguration;
			buildSettings = {
				ASSETCATALOG_COMPILER_APPICON_NAME = AppIcon;
				CODE_SIGN_ENTITLEMENTS = Agentd/Agentd.entitlements;
				COMBINE_HIDPI_IMAGES = YES;
				ENABLE_APP_SANDBOX = NO;
				GENERATE_INFOPLIST_FILE = NO;
				INFOPLIST_FILE = Agentd/Info.plist;
				LD_RUNPATH_SEARCH_PATHS = (
					"$(inherited)",
					"@executable_path/../Frameworks",
				);
				PRODUCT_BUNDLE_IDENTIFIER = com.tshan.agentd;
				PRODUCT_NAME = Agentd;
				SDKROOT = macosx;
				SWIFT_EMIT_LOC_STRINGS = YES;
			};
			name = Debug;
		};
		91E0FA94BEB060C64A210F0B /* Release */ = {
			isa = XCBuildConfiguration;
			buildSettings = {
				ASSETCATALOG_COMPILER_APPICON_NAME = AppIcon;
				CODE_SIGN_ENTITLEMENTS = Agentd/Agentd.entitlements;
				COMBINE_HIDPI_IMAGES = YES;
				ENABLE_APP_SANDBOX = NO;
				GENERATE_INFOPLIST_FILE = NO;
				INFOPLIST_FILE = Agentd/Info.plist;
				LD_RUNPATH_SEARCH_PATHS = (
					"$(inherited)",
					"@executable_path/../Frameworks",
				);
				PRODUCT_BUNDLE_IDENTIFIER = com.tshan.agentd;
				PRODUCT_NAME = Agentd;
				SDKROOT = macosx;
				SWIFT_EMIT_LOC_STRINGS = YES;
			};
			name = Release;
		};
		A4A9917FAD1976E6E2477B79 /* Release */ = {
			isa = XCBuildConfiguration;
			buildSettings = {
				ALWAYS_SEARCH_USER_PATHS = NO;
				CLANG_ANALYZER_NONNULL = YES;
				CLANG_ANALYZER_NUMBER_OBJECT_CONVERSION = YES_AGGRESSIVE;
				CLANG_CXX_LANGUAGE_STANDARD = "gnu++14";
				CLANG_CXX_LIBRARY = "libc++";
				CLANG_ENABLE_MODULES = YES;
				CLANG_ENABLE_OBJC_ARC = YES;
				CLANG_ENABLE_OBJC_WEAK = YES;
				CLANG_WARN_BLOCK_CAPTURE_AUTORELEASING = YES;
				CLANG_WARN_BOOL_CONVERSION = YES;
				CLANG_WARN_COMMA = YES;
				CLANG_WARN_CONSTANT_CONVERSION = YES;
				CLANG_WARN_DEPRECATED_OBJC_IMPLEMENTATIONS = YES;
				CLANG_WARN_DIRECT_OBJC_ISA_USAGE = YES_ERROR;
				CLANG_WARN_DOCUMENTATION_COMMENTS = YES;
				CLANG_WARN_EMPTY_BODY = YES;
				CLANG_WARN_ENUM_CONVERSION = YES;
				CLANG_WARN_INFINITE_RECURSION = YES;
				CLANG_WARN_INT_CONVERSION = YES;
				CLANG_WARN_NON_LITERAL_NULL_CONVERSION = YES;
				CLANG_WARN_OBJC_IMPLICIT_RETAIN_SELF = YES;
				CLANG_WARN_OBJC_LITERAL_CONVERSION = YES;
				CLANG_WARN_OBJC_ROOT_CLASS = YES_ERROR;
				CLANG_WARN_QUOTED_INCLUDE_IN_FRAMEWORK_HEADER = YES;
				CLANG_WARN_RANGE_LOOP_ANALYSIS = YES;
				CLANG_WARN_STRICT_PROTOTYPES = YES;
				CLANG_WARN_SUSPICIOUS_MOVE = YES;
				CLANG_WARN_UNGUARDED_AVAILABILITY = YES_AGGRESSIVE;
				CLANG_WARN_UNREACHABLE_CODE = YES;
				CLANG_WARN__DUPLICATE_METHOD_MATCH = YES;
				COPY_PHASE_STRIP = NO;
				DEBUG_INFORMATION_FORMAT = "dwarf-with-dsym";
				ENABLE_NS_ASSERTIONS = NO;
				ENABLE_STRICT_OBJC_MSGSEND = YES;
				GCC_C_LANGUAGE_STANDARD = gnu11;
				GCC_NO_COMMON_BLOCKS = YES;
				GCC_WARN_64_TO_32_BIT_CONVERSION = YES;
				GCC_WARN_ABOUT_RETURN_TYPE = YES_ERROR;
				GCC_WARN_UNDECLARED_SELECTOR = YES;
				GCC_WARN_UNINITIALIZED_AUTOS = YES_AGGRESSIVE;
				GCC_WARN_UNUSED_FUNCTION = YES;
				GCC_WARN_UNUSED_VARIABLE = YES;
				MACOSX_DEPLOYMENT_TARGET = 14.0;
				MTL_ENABLE_DEBUG_INFO = NO;
				MTL_FAST_MATH = YES;
				PRODUCT_NAME = "$(TARGET_NAME)";
				SDKROOT = macosx;
				SWIFT_COMPILATION_MODE = wholemodule;
				SWIFT_OPTIMIZATION_LEVEL = "-O";
				SWIFT_VERSION = 5.10;
			};
			name = Release;
		};
		D953FD92108EA57238453495 /* Debug */ = {
			isa = XCBuildConfiguration;
			buildSettings = {
				ALWAYS_SEARCH_USER_PATHS = NO;
				CLANG_ANALYZER_NONNULL = YES;
				CLANG_ANALYZER_NUMBER_OBJECT_CONVERSION = YES_AGGRESSIVE;
				CLANG_CXX_LANGUAGE_STANDARD = "gnu++14";
				CLANG_CXX_LIBRARY = "libc++";
				CLANG_ENABLE_MODULES = YES;
				CLANG_ENABLE_OBJC_ARC = YES;
				CLANG_ENABLE_OBJC_WEAK = YES;
				CLANG_WARN_BLOCK_CAPTURE_AUTORELEASING = YES;
				CLANG_WARN_BOOL_CONVERSION = YES;
				CLANG_WARN_COMMA = YES;
				CLANG_WARN_CONSTANT_CONVERSION = YES;
				CLANG_WARN_DEPRECATED_OBJC_IMPLEMENTATIONS = YES;
				CLANG_WARN_DIRECT_OBJC_ISA_USAGE = YES_ERROR;
				CLANG_WARN_DOCUMENTATION_COMMENTS = YES;
				CLANG_WARN_EMPTY_BODY = YES;
				CLANG_WARN_ENUM_CONVERSION = YES;
				CLANG_WARN_INFINITE_RECURSION = YES;
				CLANG_WARN_INT_CONVERSION = YES;
				CLANG_WARN_NON_LITERAL_NULL_CONVERSION = YES;
				CLANG_WARN_OBJC_IMPLICIT_RETAIN_SELF = YES;
				CLANG_WARN_OBJC_LITERAL_CONVERSION = YES;
				CLANG_WARN_OBJC_ROOT_CLASS = YES_ERROR;
				CLANG_WARN_QUOTED_INCLUDE_IN_FRAMEWORK_HEADER = YES;
				CLANG_WARN_RANGE_LOOP_ANALYSIS = YES;
				CLANG_WARN_STRICT_PROTOTYPES = YES;
				CLANG_WARN_SUSPICIOUS_MOVE = YES;
				CLANG_WARN_UNGUARDED_AVAILABILITY = YES_AGGRESSIVE;
				CLANG_WARN_UNREACHABLE_CODE = YES;
				CLANG_WARN__DUPLICATE_METHOD_MATCH = YES;
				COPY_PHASE_STRIP = NO;
				DEBUG_INFORMATION_FORMAT = dwarf;
				ENABLE_STRICT_OBJC_MSGSEND = YES;
				ENABLE_TESTABILITY = YES;
				GCC_C_LANGUAGE_STANDARD = gnu11;
				GCC_DYNAMIC_NO_PIC = NO;
				GCC_NO_COMMON_BLOCKS = YES;
				GCC_OPTIMIZATION_LEVEL = 0;
				GCC_PREPROCESSOR_DEFINITIONS = (
					"$(inherited)",
					"DEBUG=1",
				);
				GCC_WARN_64_TO_32_BIT_CONVERSION = YES;
				GCC_WARN_ABOUT_RETURN_TYPE = YES_ERROR;
				GCC_WARN_UNDECLARED_SELECTOR = YES;
				GCC_WARN_UNINITIALIZED_AUTOS = YES_AGGRESSIVE;
				GCC_WARN_UNUSED_FUNCTION = YES;
				GCC_WARN_UNUSED_VARIABLE = YES;
				MACOSX_DEPLOYMENT_TARGET = 14.0;
				MTL_ENABLE_DEBUG_INFO = INCLUDE_SOURCE;
				MTL_FAST_MATH = YES;
				ONLY_ACTIVE_ARCH = YES;
				PRODUCT_NAME = "$(TARGET_NAME)";
				SDKROOT = macosx;
				SWIFT_ACTIVE_COMPILATION_CONDITIONS = DEBUG;
				SWIFT_OPTIMIZATION_LEVEL = "-Onone";
				SWIFT_VERSION = 5.10;
			};
			name = Debug;
		};
/* End XCBuildConfiguration section */

/* Begin XCConfigurationList section */
		7102A186B649297640C1BEFE /* Build configuration list for PBXProject "Agentd" */ = {
			isa = XCConfigurationList;
			buildConfigurations = (
				D953FD92108EA57238453495 /* Debug */,
				A4A9917FAD1976E6E2477B79 /* Release */,
			);
			defaultConfigurationIsVisible = 0;
			defaultConfigurationName = Debug;
		};
		9E683FBCB2FC00135FC4DF93 /* Build configuration list for PBXNativeTarget "Agentd" */ = {
			isa = XCConfigurationList;
			buildConfigurations = (
				86C64EDCF04323BAB260989C /* Debug */,
				91E0FA94BEB060C64A210F0B /* Release */,
			);
			defaultConfigurationIsVisible = 0;
			defaultConfigurationName = Debug;
		};
/* End XCConfigurationList section */
	};
	rootObject = EF5BCF079026B592E8A095E2 /* Project object */;
}
